// !$*UTF8*$!
{
	archiveVersion = 1;
	classes = {
	};
	objectVersion = 50;
	objects = {

/* Begin PBXBuildFile section */
		38074ABA240BE7D600748945 /* AudioController.swift in Sources */ = {isa = PBXBuildFile; fileRef = 38074AB9240BE7D600748945 /* AudioController.swift */; };
		381A0150241C178700711F9B /* cowbell.aif in Resources */ = {isa = PBXBuildFile; fileRef = 381A014B241C178700711F9B /* cowbell.aif */; };
		381A0151241C178700711F9B /* bass-drum.aif in Resources */ = {isa = PBXBuildFile; fileRef = 381A014C241C178700711F9B /* bass-drum.aif */; };
		381A0152241C178700711F9B /* hi-hat.aif in Resources */ = {isa = PBXBuildFile; fileRef = 381A014D241C178700711F9B /* hi-hat.aif */; };
		381A0153241C178700711F9B /* clap.aif in Resources */ = {isa = PBXBuildFile; fileRef = 381A014E241C178700711F9B /* clap.aif */; };
		381A0154241C178700711F9B /* hjonk.aif in Resources */ = {isa = PBXBuildFile; fileRef = 381A014F241C178700711F9B /* hjonk.aif */; };
		3820F0E22401BE3800FE8EF8 /* BPMSlider.swift in Sources */ = {isa = PBXBuildFile; fileRef = 3820F0E12401BE3800FE8EF8 /* BPMSlider.swift */; };
		384B703523FF304900E22067 /* AppDelegate.swift in Sources */ = {isa = PBXBuildFile; fileRef = 384B703423FF304900E22067 /* AppDelegate.swift */; };
		384B703723FF304900E22067 /* SceneDelegate.swift in Sources */ = {isa = PBXBuildFile; fileRef = 384B703623FF304900E22067 /* SceneDelegate.swift */; };
		384B703923FF304900E22067 /* ContentView.swift in Sources */ = {isa = PBXBuildFile; fileRef = 384B703823FF304900E22067 /* ContentView.swift */; };
		384B703B23FF304F00E22067 /* Assets.xcassets in Resources */ = {isa = PBXBuildFile; fileRef = 384B703A23FF304F00E22067 /* Assets.xcassets */; };
		384B703E23FF304F00E22067 /* Preview Assets.xcassets in Resources */ = {isa = PBXBuildFile; fileRef = 384B703D23FF304F00E22067 /* Preview Assets.xcassets */; };
		384B704123FF304F00E22067 /* LaunchScreen.storyboard in Resources */ = {isa = PBXBuildFile; fileRef = 384B703F23FF304F00E22067 /* LaunchScreen.storyboard */; };
		385CF96C2401A51C0001D5D9 /* PlayPauseButton.swift in Sources */ = {isa = PBXBuildFile; fileRef = 385CF96B2401A51C0001D5D9 /* PlayPauseButton.swift */; };
		38A163B3241F811400276606 /* rimshot.aif in Resources */ = {isa = PBXBuildFile; fileRef = 38A163B2241F811400276606 /* rimshot.aif */; };
/* End PBXBuildFile section */

/* Begin PBXFileReference section */
		38074AB9240BE7D600748945 /* AudioController.swift */ = {isa = PBXFileReference; indentWidth = 3; lastKnownFileType = sourcecode.swift; path = AudioController.swift; sourceTree = "<group>"; tabWidth = 3; };
		381A014B241C178700711F9B /* cowbell.aif */ = {isa = PBXFileReference; lastKnownFileType = file; path = cowbell.aif; sourceTree = "<group>"; };
		381A014C241C178700711F9B /* bass-drum.aif */ = {isa = PBXFileReference; lastKnownFileType = file; path = "bass-drum.aif"; sourceTree = "<group>"; };
		381A014D241C178700711F9B /* hi-hat.aif */ = {isa = PBXFileReference; lastKnownFileType = file; path = "hi-hat.aif"; sourceTree = "<group>"; };
		381A014E241C178700711F9B /* clap.aif */ = {isa = PBXFileReference; lastKnownFileType = file; path = clap.aif; sourceTree = "<group>"; };
		381A014F241C178700711F9B /* hjonk.aif */ = {isa = PBXFileReference; lastKnownFileType = file; path = hjonk.aif; sourceTree = "<group>"; };
		3820F0E12401BE3800FE8EF8 /* BPMSlider.swift */ = {isa = PBXFileReference; lastKnownFileType = sourcecode.swift; path = BPMSlider.swift; sourceTree = "<group>"; usesTabs = 1; };
		384B703123FF304900E22067 /* metronome.app */ = {isa = PBXFileReference; explicitFileType = wrapper.application; includeInIndex = 0; path = metronome.app; sourceTree = BUILT_PRODUCTS_DIR; };
		384B703423FF304900E22067 /* AppDelegate.swift */ = {isa = PBXFileReference; lastKnownFileType = sourcecode.swift; path = AppDelegate.swift; sourceTree = "<group>"; };
		384B703623FF304900E22067 /* SceneDelegate.swift */ = {isa = PBXFileReference; lastKnownFileType = sourcecode.swift; path = SceneDelegate.swift; sourceTree = "<group>"; };
		384B703823FF304900E22067 /* ContentView.swift */ = {isa = PBXFileReference; lastKnownFileType = sourcecode.swift; path = ContentView.swift; sourceTree = "<group>"; };
		384B703A23FF304F00E22067 /* Assets.xcassets */ = {isa = PBXFileReference; lastKnownFileType = folder.assetcatalog; path = Assets.xcassets; sourceTree = "<group>"; };
		384B703D23FF304F00E22067 /* Preview Assets.xcassets */ = {isa = PBXFileReference; lastKnownFileType = folder.assetcatalog; path = "Preview Assets.xcassets"; sourceTree = "<group>"; };
		384B704023FF304F00E22067 /* Base */ = {isa = PBXFileReference; lastKnownFileType = file.storyboard; name = Base; path = Base.lproj/LaunchScreen.storyboard; sourceTree = "<group>"; };
		384B704223FF304F00E22067 /* Info.plist */ = {isa = PBXFileReference; lastKnownFileType = text.plist.xml; path = Info.plist; sourceTree = "<group>"; };
		385CF96B2401A51C0001D5D9 /* PlayPauseButton.swift */ = {isa = PBXFileReference; lastKnownFileType = sourcecode.swift; path = PlayPauseButton.swift; sourceTree = "<group>"; };
		38A163B2241F811400276606 /* rimshot.aif */ = {isa = PBXFileReference; lastKnownFileType = file; path = rimshot.aif; sourceTree = "<group>"; };
/* End PBXFileReference section */

/* Begin PBXFrameworksBuildPhase section */
		384B702E23FF304900E22067 /* Frameworks */ = {
			isa = PBXFrameworksBuildPhase;
			buildActionMask = 2147483647;
			files = (
			);
			runOnlyForDeploymentPostprocessing = 0;
		};
/* End PBXFrameworksBuildPhase section */

/* Begin PBXGroup section */
		381A0155241C179000711F9B /* Sounds */ = {
			isa = PBXGroup;
			children = (
				381A014C241C178700711F9B /* bass-drum.aif */,
				381A014E241C178700711F9B /* clap.aif */,
				381A014B241C178700711F9B /* cowbell.aif */,
				38A163B2241F811400276606 /* rimshot.aif */,
				381A014D241C178700711F9B /* hi-hat.aif */,
				381A014F241C178700711F9B /* hjonk.aif */,
			);
			path = Sounds;
			sourceTree = "<group>";
		};
		384B702823FF304900E22067 = {
			isa = PBXGroup;
			children = (
				384B703323FF304900E22067 /* metronome */,
				384B703223FF304900E22067 /* Products */,
			);
			sourceTree = "<group>";
		};
		384B703223FF304900E22067 /* Products */ = {
			isa = PBXGroup;
			children = (
				384B703123FF304900E22067 /* metronome.app */,
			);
			name = Products;
			sourceTree = "<group>";
		};
		384B703323FF304900E22067 /* metronome */ = {
			isa = PBXGroup;
			children = (
				384B703423FF304900E22067 /* AppDelegate.swift */,
				384B703623FF304900E22067 /* SceneDelegate.swift */,
				384B703823FF304900E22067 /* ContentView.swift */,
				3820F0E12401BE3800FE8EF8 /* BPMSlider.swift */,
				38074AB9240BE7D600748945 /* AudioController.swift */,
				385CF96B2401A51C0001D5D9 /* PlayPauseButton.swift */,
				384B703A23FF304F00E22067 /* Assets.xcassets */,
				381A0155241C179000711F9B /* Sounds */,
				384B703F23FF304F00E22067 /* LaunchScreen.storyboard */,
				384B704223FF304F00E22067 /* Info.plist */,
				384B703C23FF304F00E22067 /* Preview Content */,
			);
			path = metronome;
			sourceTree = "<group>";
		};
		384B703C23FF304F00E22067 /* Preview Content */ = {
			isa = PBXGroup;
			children = (
				384B703D23FF304F00E22067 /* Preview Assets.xcassets */,
			);
			path = "Preview Content";
			sourceTree = "<group>";
		};
/* End PBXGroup section */

/* Begin PBXNativeTarget section */
		384B703023FF304900E22067 /* metronome */ = {
			isa = PBXNativeTarget;
			buildConfigurationList = 384B704523FF304F00E22067 /* Build configuration list for PBXNativeTarget "metronome" */;
			buildPhases = (
				384B702D23FF304900E22067 /* Sources */,
				384B702E23FF304900E22067 /* Frameworks */,
				384B702F23FF304900E22067 /* Resources */,
			);
			buildRules = (
			);
			dependencies = (
			);
			name = metronome;
			productName = metronome;
			productReference = 384B703123FF304900E22067 /* metronome.app */;
			productType = "com.apple.product-type.application";
		};
/* End PBXNativeTarget section */

/* Begin PBXProject section */
		384B702923FF304900E22067 /* Project object */ = {
			isa = PBXProject;
			attributes = {
				LastSwiftUpdateCheck = 1130;
				LastUpgradeCheck = 1130;
				ORGANIZATIONNAME = "Jan Kříž";
				TargetAttributes = {
					384B703023FF304900E22067 = {
						CreatedOnToolsVersion = 11.3.1;
					};
				};
			};
			buildConfigurationList = 384B702C23FF304900E22067 /* Build configuration list for PBXProject "metronome" */;
			compatibilityVersion = "Xcode 9.3";
			developmentRegion = en;
			hasScannedForEncodings = 0;
			knownRegions = (
				en,
				Base,
			);
			mainGroup = 384B702823FF304900E22067;
			productRefGroup = 384B703223FF304900E22067 /* Products */;
			projectDirPath = "";
			projectRoot = "";
			targets = (
				384B703023FF304900E22067 /* metronome */,
			);
		};
/* End PBXProject section */

/* Begin PBXResourcesBuildPhase section */
		384B702F23FF304900E22067 /* Resources */ = {
			isa = PBXResourcesBuildPhase;
			buildActionMask = 2147483647;
			files = (
				381A0152241C178700711F9B /* hi-hat.aif in Resources */,
				381A0154241C178700711F9B /* hjonk.aif in Resources */,
				384B704123FF304F00E22067 /* LaunchScreen.storyboard in Resources */,
				384B703E23FF304F00E22067 /* Preview Assets.xcassets in Resources */,
				38A163B3241F811400276606 /* rimshot.aif in Resources */,
				384B703B23FF304F00E22067 /* Assets.xcassets in Resources */,
				381A0150241C178700711F9B /* cowbell.aif in Resources */,
				381A0153241C178700711F9B /* clap.aif in Resources */,
				381A0151241C178700711F9B /* bass-drum.aif in Resources */,
			);
			runOnlyForDeploymentPostprocessing = 0;
		};
/* End PBXResourcesBuildPhase section */

/* Begin PBXSourcesBuildPhase section */
		384B702D23FF304900E22067 /* Sources */ = {
			isa = PBXSourcesBuildPhase;
			buildActionMask = 2147483647;
			files = (
				38074ABA240BE7D600748945 /* AudioController.swift in Sources */,
				3820F0E22401BE3800FE8EF8 /* BPMSlider.swift in Sources */,
				385CF96C2401A51C0001D5D9 /* PlayPauseButton.swift in Sources */,
				384B703523FF304900E22067 /* AppDelegate.swift in Sources */,
				384B703723FF304900E22067 /* SceneDelegate.swift in Sources */,
				384B703923FF304900E22067 /* ContentView.swift in Sources */,
			);
			runOnlyForDeploymentPostprocessing = 0;
		};
/* End PBXSourcesBuildPhase section */

/* Begin PBXVariantGroup section */
		384B703F23FF304F00E22067 /* LaunchScreen.storyboard */ = {
			isa = PBXVariantGroup;
			children = (
				384B704023FF304F00E22067 /* Base */,
			);
			name = LaunchScreen.storyboard;
			sourceTree = "<group>";
		};
/* End PBXVariantGroup section */

/* Begin XCBuildConfiguration section */
		384B704323FF304F00E22067 /* Debug */ = {
			isa = XCBuildConfiguration;
			buildSettings = {
				ALWAYS_SEARCH_USER_PATHS = NO;
				CLANG_ANALYZER_NONNULL = YES;
				CLANG_ANALYZER_NUMBER_OBJECT_CONVERSION = YES_AGGRESSIVE;
				CLANG_CXX_LANGUAGE_STANDARD = "gnu++14";
				CLANG_CXX_LIBRARY = "libc++";
				CLANG_ENABLE_MODULES = YES;
				CLANG_ENABLE_OBJC_ARC = YES;
				CLANG_ENABLE_OBJC_WEAK = YES;
				CLANG_WARN_BLOCK_CAPTURE_AUTORELEASING = YES;
				CLANG_WARN_BOOL_CONVERSION = YES;
				CLANG_WARN_COMMA = YES;
				CLANG_WARN_CONSTANT_CONVERSION = YES;
				CLANG_WARN_DEPRECATED_OBJC_IMPLEMENTATIONS = YES;
				CLANG_WARN_DIRECT_OBJC_ISA_USAGE = YES_ERROR;
				CLANG_WARN_DOCUMENTATION_COMMENTS = YES;
				CLANG_WARN_EMPTY_BODY = YES;
				CLANG_WARN_ENUM_CONVERSION = YES;
				CLANG_WARN_INFINITE_RECURSION = YES;
				CLANG_WARN_INT_CONVERSION = YES;
				CLANG_WARN_NON_LITERAL_NULL_CONVERSION = YES;
				CLANG_WARN_OBJC_IMPLICIT_RETAIN_SELF = YES;
				CLANG_WARN_OBJC_LITERAL_CONVERSION = YES;
				CLANG_WARN_OBJC_ROOT_CLASS = YES_ERROR;
				CLANG_WARN_RANGE_LOOP_ANALYSIS = YES;
				CLANG_WARN_STRICT_PROTOTYPES = YES;
				CLANG_WARN_SUSPICIOUS_MOVE = YES;
				CLANG_WARN_UNGUARDED_AVAILABILITY = YES_AGGRESSIVE;
				CLANG_WARN_UNREACHABLE_CODE = YES;
				CLANG_WARN__DUPLICATE_METHOD_MATCH = YES;
				COPY_PHASE_STRIP = NO;
				DEBUG_INFORMATION_FORMAT = dwarf;
				ENABLE_STRICT_OBJC_MSGSEND = YES;
				ENABLE_TESTABILITY = YES;
				GCC_C_LANGUAGE_STANDARD = gnu11;
				GCC_DYNAMIC_NO_PIC = NO;
				GCC_NO_COMMON_BLOCKS = YES;
				GCC_OPTIMIZATION_LEVEL = 0;
				GCC_PREPROCESSOR_DEFINITIONS = (
					"DEBUG=1",
					"$(inherited)",
				);
				GCC_WARN_64_TO_32_BIT_CONVERSION = YES;
				GCC_WARN_ABOUT_RETURN_TYPE = YES_ERROR;
				GCC_WARN_UNDECLARED_SELECTOR = YES;
				GCC_WARN_UNINITIALIZED_AUTOS = YES_AGGRESSIVE;
				GCC_WARN_UNUSED_FUNCTION = YES;
				GCC_WARN_UNUSED_VARIABLE = YES;
				IPHONEOS_DEPLOYMENT_TARGET = 13.2;
				MTL_ENABLE_DEBUG_INFO = INCLUDE_SOURCE;
				MTL_FAST_MATH = YES;
				ONLY_ACTIVE_ARCH = YES;
				SDKROOT = iphoneos;
				SWIFT_ACTIVE_COMPILATION_CONDITIONS = DEBUG;
				SWIFT_OPTIMIZATION_LEVEL = "-Onone";
			};
			name = Debug;
		};
		384B704423FF304F00E22067 /* Release */ = {
			isa = XCBuildConfiguration;
			buildSettings = {
				ALWAYS_SEARCH_USER_PATHS = NO;
				CLANG_ANALYZER_NONNULL = YES;
				CLANG_ANALYZER_NUMBER_OBJECT_CONVERSION = YES_AGGRESSIVE;
				CLANG_CXX_LANGUAGE_STANDARD = "gnu++14";
				CLANG_CXX_LIBRARY = "libc++";
				CLANG_ENABLE_MODULES = YES;
				CLANG_ENABLE_OBJC_ARC = YES;
				CLANG_ENABLE_OBJC_WEAK = YES;
				CLANG_WARN_BLOCK_CAPTURE_AUTORELEASING = YES;
				CLANG_WARN_BOOL_CONVERSION = YES;
				CLANG_WARN_COMMA = YES;
				CLANG_WARN_CONSTANT_CONVERSION = YES;
				CLANG_WARN_DEPRECATED_OBJC_IMPLEMENTATIONS = YES;
				CLANG_WARN_DIRECT_OBJC_ISA_USAGE = YES_ERROR;
				CLANG_WARN_DOCUMENTATION_COMMENTS = YES;
				CLANG_WARN_EMPTY_BODY = YES;
				CLANG_WARN_ENUM_CONVERSION = YES;
				CLANG_WARN_INFINITE_RECURSION = YES;
				CLANG_WARN_INT_CONVERSION = YES;
				CLANG_WARN_NON_LITERAL_NULL_CONVERSION = YES;
				CLANG_WARN_OBJC_IMPLICIT_RETAIN_SELF = YES;
				CLANG_WARN_OBJC_LITERAL_CONVERSION = YES;
				CLANG_WARN_OBJC_ROOT_CLASS = YES_ERROR;
				CLANG_WARN_RANGE_LOOP_ANALYSIS = YES;
				CLANG_WARN_STRICT_PROTOTYPES = YES;
				CLANG_WARN_SUSPICIOUS_MOVE = YES;
				CLANG_WARN_UNGUARDED_AVAILABILITY = YES_AGGRESSIVE;
				CLANG_WARN_UNREACHABLE_CODE = YES;
				CLANG_WARN__DUPLICATE_METHOD_MATCH = YES;
				COPY_PHASE_STRIP = NO;
				DEBUG_INFORMATION_FORMAT = "dwarf-with-dsym";
				ENABLE_NS_ASSERTIONS = NO;
				ENABLE_STRICT_OBJC_MSGSEND = YES;
				GCC_C_LANGUAGE_STANDARD = gnu11;
				GCC_NO_COMMON_BLOCKS = YES;
				GCC_WARN_64_TO_32_BIT_CONVERSION = YES;
				GCC_WARN_ABOUT_RETURN_TYPE = YES_ERROR;
				GCC_WARN_UNDECLARED_SELECTOR = YES;
				GCC_WARN_UNINITIALIZED_AUTOS = YES_AGGRESSIVE;
				GCC_WARN_UNUSED_FUNCTION = YES;
				GCC_WARN_UNUSED_VARIABLE = YES;
				IPHONEOS_DEPLOYMENT_TARGET = 13.2;
				MTL_ENABLE_DEBUG_INFO = NO;
				MTL_FAST_MATH = YES;
				SDKROOT = iphoneos;
				SWIFT_COMPILATION_MODE = wholemodule;
				SWIFT_OPTIMIZATION_LEVEL = "-O";
				VALIDATE_PRODUCT = YES;
			};
			name = Release;
		};
		384B704623FF304F00E22067 /* Debug */ = {
			isa = XCBuildConfiguration;
			buildSettings = {
				ASSETCATALOG_COMPILER_APPICON_NAME = AppIcon;
				CODE_SIGN_STYLE = Automatic;
				DEVELOPMENT_ASSET_PATHS = "\"metronome/Preview Content\"";
				DEVELOPMENT_TEAM = E8938J75P7;
				ENABLE_PREVIEWS = YES;
				INFOPLIST_FILE = metronome/Info.plist;
				LD_RUNPATH_SEARCH_PATHS = (
					"$(inherited)",
					"@executable_path/Frameworks",
				);
				MARKETING_VERSION = 0.1;
				PRODUCT_BUNDLE_IDENTIFIER = com.jankriz.metronome;
				PRODUCT_NAME = "$(TARGET_NAME)";
				SWIFT_VERSION = 5.0;
				TARGETED_DEVICE_FAMILY = "1,2";
			};
			name = Debug;
		};
		384B704723FF304F00E22067 /* Release */ = {
			isa = XCBuildConfiguration;
			buildSettings = {
				ASSETCATALOG_COMPILER_APPICON_NAME = AppIcon;
				CODE_SIGN_STYLE = Automatic;
				DEVELOPMENT_ASSET_PATHS = "\"metronome/Preview Content\"";
				DEVELOPMENT_TEAM = E8938J75P7;
				ENABLE_PREVIEWS = YES;
				INFOPLIST_FILE = metronome/Info.plist;
				LD_RUNPATH_SEARCH_PATHS = (
					"$(inherited)",
					"@executable_path/Frameworks",
				);
				MARKETING_VERSION = 0.1;
				PRODUCT_BUNDLE_IDENTIFIER = com.jankriz.metronome;
				PRODUCT_NAME = "$(TARGET_NAME)";
				SWIFT_VERSION = 5.0;
				TARGETED_DEVICE_FAMILY = "1,2";
			};
			name = Release;
		};
/* End XCBuildConfiguration section */

/* Begin XCConfigurationList section */
		384B702C23FF304900E22067 /* Build configuration list for PBXProject "metronome" */ = {
			isa = XCConfigurationList;
			buildConfigurations = (
				384B704323FF304F00E22067 /* Debug */,
				384B704423FF304F00E22067 /* Release */,
			);
			defaultConfigurationIsVisible = 0;
			defaultConfigurationName = Release;
		};
		384B704523FF304F00E22067 /* Build configuration list for PBXNativeTarget "metronome" */ = {
			isa = XCConfigurationList;
			buildConfigurations = (
				384B704623FF304F00E22067 /* Debug */,
				384B704723FF304F00E22067 /* Release */,
			);
			defaultConfigurationIsVisible = 0;
			defaultConfigurationName = Release;
		};
/* End XCConfigurationList section */
	};
	rootObject = 384B702923FF304900E22067 /* Project object */;
}
